Microsoft Visual Studio Solution File, Format Version 12.00
# Visual Studio Version 17
VisualStudioVersion = 17.5.2.0
MinimumVisualStudioVersion = 10.0.40219.1
Project("{2150E333-8FDC-42A3-9474-1A3956D46DE8}") = "Lab1", "Lab1", "{ED13059D-E407-5174-3886-4FD5BEA505AB}"
EndProject
Project("{2150E333-8FDC-42A3-9474-1A3956D46DE8}") = "C#", "C#", "{174CB279-EEF7-6F76-3504-5632153B90DB}"
EndProject
Project("{FAE04EC0-301F-11D3-BF4B-00C04F79EFBC}") = "ThreadDemo", "Lab1\C#\ThreadDemo\ThreadDemo.csproj", "{92481721-86E4-BE61-211F-FFBD7033BC7D}"
EndProject
Global
	GlobalSection(SolutionConfigurationPlatforms) = preSolution
		Debug|Any CPU = Debug|Any CPU
		Release|Any CPU = Release|Any CPU
	EndGlobalSection
	GlobalSection(ProjectConfigurationPlatforms) = postSolution
		{92481721-86E4-BE61-211F-FFBD7033BC7D}.Debug|Any CPU.ActiveCfg = Debug|Any CPU
		{92481721-86E4-BE61-211F-FFBD7033BC7D}.Debug|Any CPU.Build.0 = Debug|Any CPU
		{92481721-86E4-BE61-211F-FFBD7033BC7D}.Release|Any CPU.ActiveCfg = Release|Any CPU
		{92481721-86E4-BE61-211F-FFBD7033BC7D}.Release|Any CPU.Build.0 = Release|Any CPU
	EndGlobalSection
	GlobalSection(SolutionProperties) = preSolution
		HideSolutionNode = FALSE
	EndGlobalSection
	GlobalSection(NestedProjects) = preSolution
		{174CB279-EEF7-6F76-3504-5632153B90DB} = {ED13059D-E407-5174-3886-4FD5BEA505AB}
		{92481721-86E4-BE61-211F-FFBD7033BC7D} = {174CB279-EEF7-6F76-3504-5632153B90DB}
	EndGlobalSection
	GlobalSection(ExtensibilityGlobals) = postSolution
		SolutionGuid = {0D0DD5CC-4802-4BD8-A455-BE8BD084C6DD}
	EndGlobalSection
EndGlobal
